{
  "requires": true,
  "lockfileVersion": 1,
  "dependencies": {
    "uni-ajax": {
      "version": "1.1.4",
      "resolved": "https://registry.npm.taobao.org/uni-ajax/download/uni-ajax-1.1.4.tgz",
      "integrity": "sha1-GDvPFZE/g8WZkgfnqhu3ILsRVe4="
    },
    "uniapp-route-guards": {
      "version": "1.0.7",
      "resolved": "https://registry.npm.taobao.org/uniapp-route-guards/download/uniapp-route-guards-1.0.7.tgz",
      "integrity": "sha1-9eOFeiM7YFuoGhdjKMy38Bmc2Qw="
    }
  }
}
